
Microsoft Visual Studio Solution File, Format Version 12.00
# Visual Studio Version 17
VisualStudioVersion = 17.3.32901.215
MinimumVisualStudioVersion = 10.0.40219.1
Project("{FAE04EC0-301F-11D3-BF4B-00C04F79EFBC}") = "A100", "A100\A100.csproj", "{F0C3F673-BDA0-4405-A781-90849D1A4FD3}"
EndProject
Project("{FAE04EC0-301F-11D3-BF4B-00C04F79EFBC}") = "A101", "A101\A101.csproj", "{0B82DC57-6FCA-4761-970D-F01977D7A82E}"
EndProject
Project("{FAE04EC0-301F-11D3-BF4B-00C04F79EFBC}") = "L100", "L100\L100.csproj", "{1D4FB34F-9F8D-4ABA-BC32-A722B41CA86F}"
EndProject
Project("{FAE04EC0-301F-11D3-BF4B-00C04F79EFBC}") = "L101", "L101\L101.csproj", "{F3EB03B0-4826-4949-B9AE-B3F59693C7AD}"
EndProject
Project("{FAE04EC0-301F-11D3-BF4B-00C04F79EFBC}") = "L104", "L104\L104.csproj", "{DC9AFB78-C354-4172-B030-05FC4E01EF4B}"
EndProject
Project("{FAE04EC0-301F-11D3-BF4B-00C04F79EFBC}") = "L105", "L105\L105.csproj", "{EB5A18BA-96C3-4A64-B955-513457680E3D}"
EndProject
Project("{FAE04EC0-301F-11D3-BF4B-00C04F79EFBC}") = "A102", "A102\A102.csproj", "{54163247-F153-480B-9812-BE1C48F60A7C}"
EndProject
Project("{FAE04EC0-301F-11D3-BF4B-00C04F79EFBC}") = "L109", "L109\L109.csproj", "{113D4020-7F16-415E-BA7D-E6A766FF3AA3}"
EndProject
Project("{FAE04EC0-301F-11D3-BF4B-00C04F79EFBC}") = "L111", "L111\L111.csproj", "{738EFDA7-A624-4FAE-A619-D6CE2C65903E}"
EndProject
Project("{FAE04EC0-301F-11D3-BF4B-00C04F79EFBC}") = "L112", "L112\L112.csproj", "{5FC32D61-4F40-403C-9FC8-EB63EBEC0119}"
EndProject
Project("{FAE04EC0-301F-11D3-BF4B-00C04F79EFBC}") = "L114", "L114\L114.csproj", "{5BFDFF72-BA3C-44E6-ADC5-FA937637F3EF}"
EndProject
Project("{FAE04EC0-301F-11D3-BF4B-00C04F79EFBC}") = "L116", "L116\L116.csproj", "{DB17D9BF-A88A-4669-B5C8-62B2EA24389A}"
EndProject
Project("{FAE04EC0-301F-11D3-BF4B-00C04F79EFBC}") = "A103", "A103\A103.csproj", "{65C60B64-67BA-4A45-A80C-B52527B2933D}"
EndProject
Project("{FAE04EC0-301F-11D3-BF4B-00C04F79EFBC}") = "A104", "A104\A104.csproj", "{D1E9D3C1-8663-4636-9137-AA2D7BA47D76}"
EndProject
Project("{FAE04EC0-301F-11D3-BF4B-00C04F79EFBC}") = "A105", "A105\A105.csproj", "{2C593A15-C2CE-40E4-A1FD-A4B5A3F0CBC5}"
EndProject
Project("{FAE04EC0-301F-11D3-BF4B-00C04F79EFBC}") = "A106", "A106\A106.csproj", "{1F894EC8-CFD4-4E21-8915-1D38D2E9A4AB}"
EndProject
Global
	GlobalSection(SolutionConfigurationPlatforms) = preSolution
		Debug|Any CPU = Debug|Any CPU
		Release|Any CPU = Release|Any CPU
	EndGlobalSection
	GlobalSection(ProjectConfigurationPlatforms) = postSolution
		{F0C3F673-BDA0-4405-A781-90849D1A4FD3}.Debug|Any CPU.ActiveCfg = Debug|Any CPU
		{F0C3F673-BDA0-4405-A781-90849D1A4FD3}.Debug|Any CPU.Build.0 = Debug|Any CPU
		{F0C3F673-BDA0-4405-A781-90849D1A4FD3}.Release|Any CPU.ActiveCfg = Release|Any CPU
		{F0C3F673-BDA0-4405-A781-90849D1A4FD3}.Release|Any CPU.Build.0 = Release|Any CPU
		{0B82DC57-6FCA-4761-970D-F01977D7A82E}.Debug|Any CPU.ActiveCfg = Debug|Any CPU
		{0B82DC57-6FCA-4761-970D-F01977D7A82E}.Debug|Any CPU.Build.0 = Debug|Any CPU
		{0B82DC57-6FCA-4761-970D-F01977D7A82E}.Release|Any CPU.ActiveCfg = Release|Any CPU
		{0B82DC57-6FCA-4761-970D-F01977D7A82E}.Release|Any CPU.Build.0 = Release|Any CPU
		{1D4FB34F-9F8D-4ABA-BC32-A722B41CA86F}.Debug|Any CPU.ActiveCfg = Debug|Any CPU
		{1D4FB34F-9F8D-4ABA-BC32-A722B41CA86F}.Debug|Any CPU.Build.0 = Debug|Any CPU
		{1D4FB34F-9F8D-4ABA-BC32-A722B41CA86F}.Release|Any CPU.ActiveCfg = Release|Any CPU
		{1D4FB34F-9F8D-4ABA-BC32-A722B41CA86F}.Release|Any CPU.Build.0 = Release|Any CPU
		{F3EB03B0-4826-4949-B9AE-B3F59693C7AD}.Debug|Any CPU.ActiveCfg = Debug|Any CPU
		{F3EB03B0-4826-4949-B9AE-B3F59693C7AD}.Debug|Any CPU.Build.0 = Debug|Any CPU
		{F3EB03B0-4826-4949-B9AE-B3F59693C7AD}.Release|Any CPU.ActiveCfg = Release|Any CPU
		{F3EB03B0-4826-4949-B9AE-B3F59693C7AD}.Release|Any CPU.Build.0 = Release|Any CPU
		{DC9AFB78-C354-4172-B030-05FC4E01EF4B}.Debug|Any CPU.ActiveCfg = Debug|Any CPU
		{DC9AFB78-C354-4172-B030-05FC4E01EF4B}.Debug|Any CPU.Build.0 = Debug|Any CPU
		{DC9AFB78-C354-4172-B030-05FC4E01EF4B}.Release|Any CPU.ActiveCfg = Release|Any CPU
		{DC9AFB78-C354-4172-B030-05FC4E01EF4B}.Release|Any CPU.Build.0 = Release|Any CPU
		{EB5A18BA-96C3-4A64-B955-513457680E3D}.Debug|Any CPU.ActiveCfg = Debug|Any CPU
		{EB5A18BA-96C3-4A64-B955-513457680E3D}.Debug|Any CPU.Build.0 = Debug|Any CPU
		{EB5A18BA-96C3-4A64-B955-513457680E3D}.Release|Any CPU.ActiveCfg = Release|Any CPU
		{EB5A18BA-96C3-4A64-B955-513457680E3D}.Release|Any CPU.Build.0 = Release|Any CPU
		{54163247-F153-480B-9812-BE1C48F60A7C}.Debug|Any CPU.ActiveCfg = Debug|Any CPU
		{54163247-F153-480B-9812-BE1C48F60A7C}.Debug|Any CPU.Build.0 = Debug|Any CPU
		{54163247-F153-480B-9812-BE1C48F60A7C}.Release|Any CPU.ActiveCfg = Release|Any CPU
		{54163247-F153-480B-9812-BE1C48F60A7C}.Release|Any CPU.Build.0 = Release|Any CPU
		{113D4020-7F16-415E-BA7D-E6A766FF3AA3}.Debug|Any CPU.ActiveCfg = Debug|Any CPU
		{113D4020-7F16-415E-BA7D-E6A766FF3AA3}.Debug|Any CPU.Build.0 = Debug|Any CPU
		{113D4020-7F16-415E-BA7D-E6A766FF3AA3}.Release|Any CPU.ActiveCfg = Release|Any CPU
		{113D4020-7F16-415E-BA7D-E6A766FF3AA3}.Release|Any CPU.Build.0 = Release|Any CPU
		{738EFDA7-A624-4FAE-A619-D6CE2C65903E}.Debug|Any CPU.ActiveCfg = Debug|Any CPU
		{738EFDA7-A624-4FAE-A619-D6CE2C65903E}.Debug|Any CPU.Build.0 = Debug|Any CPU
		{738EFDA7-A624-4FAE-A619-D6CE2C65903E}.Release|Any CPU.ActiveCfg = Release|Any CPU
		{738EFDA7-A624-4FAE-A619-D6CE2C65903E}.Release|Any CPU.Build.0 = Release|Any CPU
		{5FC32D61-4F40-403C-9FC8-EB63EBEC0119}.Debug|Any CPU.ActiveCfg = Debug|Any CPU
		{5FC32D61-4F40-403C-9FC8-EB63EBEC0119}.Debug|Any CPU.Build.0 = Debug|Any CPU
		{5FC32D61-4F40-403C-9FC8-EB63EBEC0119}.Release|Any CPU.ActiveCfg = Release|Any CPU
		{5FC32D61-4F40-403C-9FC8-EB63EBEC0119}.Release|Any CPU.Build.0 = Release|Any CPU
		{5BFDFF72-BA3C-44E6-ADC5-FA937637F3EF}.Debug|Any CPU.ActiveCfg = Debug|Any CPU
		{5BFDFF72-BA3C-44E6-ADC5-FA937637F3EF}.Debug|Any CPU.Build.0 = Debug|Any CPU
		{5BFDFF72-BA3C-44E6-ADC5-FA937637F3EF}.Release|Any CPU.ActiveCfg = Release|Any CPU
		{5BFDFF72-BA3C-44E6-ADC5-FA937637F3EF}.Release|Any CPU.Build.0 = Release|Any CPU
		{DB17D9BF-A88A-4669-B5C8-62B2EA24389A}.Debug|Any CPU.ActiveCfg = Debug|Any CPU
		{DB17D9BF-A88A-4669-B5C8-62B2EA24389A}.Debug|Any CPU.Build.0 = Debug|Any CPU
		{DB17D9BF-A88A-4669-B5C8-62B2EA24389A}.Release|Any CPU.ActiveCfg = Release|Any CPU
		{DB17D9BF-A88A-4669-B5C8-62B2EA24389A}.Release|Any CPU.Build.0 = Release|Any CPU
		{65C60B64-67BA-4A45-A80C-B52527B2933D}.Debug|Any CPU.ActiveCfg = Debug|Any CPU
		{65C60B64-67BA-4A45-A80C-B52527B2933D}.Debug|Any CPU.Build.0 = Debug|Any CPU
		{65C60B64-67BA-4A45-A80C-B52527B2933D}.Release|Any CPU.ActiveCfg = Release|Any CPU
		{65C60B64-67BA-4A45-A80C-B52527B2933D}.Release|Any CPU.Build.0 = Release|Any CPU
		{D1E9D3C1-8663-4636-9137-AA2D7BA47D76}.Debug|Any CPU.ActiveCfg = Debug|Any CPU
		{D1E9D3C1-8663-4636-9137-AA2D7BA47D76}.Debug|Any CPU.Build.0 = Debug|Any CPU
		{D1E9D3C1-8663-4636-9137-AA2D7BA47D76}.Release|Any CPU.ActiveCfg = Release|Any CPU
		{D1E9D3C1-8663-4636-9137-AA2D7BA47D76}.Release|Any CPU.Build.0 = Release|Any CPU
		{2C593A15-C2CE-40E4-A1FD-A4B5A3F0CBC5}.Debug|Any CPU.ActiveCfg = Debug|Any CPU
		{2C593A15-C2CE-40E4-A1FD-A4B5A3F0CBC5}.Debug|Any CPU.Build.0 = Debug|Any CPU
		{2C593A15-C2CE-40E4-A1FD-A4B5A3F0CBC5}.Release|Any CPU.ActiveCfg = Release|Any CPU
		{2C593A15-C2CE-40E4-A1FD-A4B5A3F0CBC5}.Release|Any CPU.Build.0 = Release|Any CPU
		{1F894EC8-CFD4-4E21-8915-1D38D2E9A4AB}.Debug|Any CPU.ActiveCfg = Debug|Any CPU
		{1F894EC8-CFD4-4E21-8915-1D38D2E9A4AB}.Debug|Any CPU.Build.0 = Debug|Any CPU
		{1F894EC8-CFD4-4E21-8915-1D38D2E9A4AB}.Release|Any CPU.ActiveCfg = Release|Any CPU
		{1F894EC8-CFD4-4E21-8915-1D38D2E9A4AB}.Release|Any CPU.Build.0 = Release|Any CPU
	EndGlobalSection
	GlobalSection(SolutionProperties) = preSolution
		HideSolutionNode = FALSE
	EndGlobalSection
	GlobalSection(ExtensibilityGlobals) = postSolution
		SolutionGuid = {02D9BA6D-B655-4ED4-BC09-9B6EAA357463}
	EndGlobalSection
EndGlobal
