
Microsoft Visual Studio Solution File, Format Version 12.00
# Visual Studio Version 17
VisualStudioVersion = 17.3.32901.215
MinimumVisualStudioVersion = 10.0.40219.1
Project("{FAE04EC0-301F-11D3-BF4B-00C04F79EFBC}") = "A100", "A100\A100.csproj", "{F0C3F673-BDA0-4405-A781-90849D1A4FD3}"
EndProject
Project("{FAE04EC0-301F-11D3-BF4B-00C04F79EFBC}") = "A101", "A101\A101.csproj", "{0B82DC57-6FCA-4761-970D-F01977D7A82E}"
EndProject
Project("{FAE04EC0-301F-11D3-BF4B-00C04F79EFBC}") = "L100", "L100\L100.csproj", "{1D4FB34F-9F8D-4ABA-BC32-A722B41CA86F}"
EndProject
Project("{FAE04EC0-301F-11D3-BF4B-00C04F79EFBC}") = "L101", "L101\L101.csproj", "{F3EB03B0-4826-4949-B9AE-B3F59693C7AD}"
EndProject
Project("{FAE04EC0-301F-11D3-BF4B-00C04F79EFBC}") = "L104", "L104\L104.csproj", "{DC9AFB78-C354-4172-B030-05FC4E01EF4B}"
EndProject
Global
	GlobalSection(SolutionConfigurationPlatforms) = preSolution
		Debug|Any CPU = Debug|Any CPU
		Release|Any CPU = Release|Any CPU
	EndGlobalSection
	GlobalSection(ProjectConfigurationPlatforms) = postSolution
		{F0C3F673-BDA0-4405-A781-90849D1A4FD3}.Debug|Any CPU.ActiveCfg = Debug|Any CPU
		{F0C3F673-BDA0-4405-A781-90849D1A4FD3}.Debug|Any CPU.Build.0 = Debug|Any CPU
		{F0C3F673-BDA0-4405-A781-90849D1A4FD3}.Release|Any CPU.ActiveCfg = Release|Any CPU
		{F0C3F673-BDA0-4405-A781-90849D1A4FD3}.Release|Any CPU.Build.0 = Release|Any CPU
		{0B82DC57-6FCA-4761-970D-F01977D7A82E}.Debug|Any CPU.ActiveCfg = Debug|Any CPU
		{0B82DC57-6FCA-4761-970D-F01977D7A82E}.Debug|Any CPU.Build.0 = Debug|Any CPU
		{0B82DC57-6FCA-4761-970D-F01977D7A82E}.Release|Any CPU.ActiveCfg = Release|Any CPU
		{0B82DC57-6FCA-4761-970D-F01977D7A82E}.Release|Any CPU.Build.0 = Release|Any CPU
		{1D4FB34F-9F8D-4ABA-BC32-A722B41CA86F}.Debug|Any CPU.ActiveCfg = Debug|Any CPU
		{1D4FB34F-9F8D-4ABA-BC32-A722B41CA86F}.Debug|Any CPU.Build.0 = Debug|Any CPU
		{1D4FB34F-9F8D-4ABA-BC32-A722B41CA86F}.Release|Any CPU.ActiveCfg = Release|Any CPU
		{1D4FB34F-9F8D-4ABA-BC32-A722B41CA86F}.Release|Any CPU.Build.0 = Release|Any CPU
		{F3EB03B0-4826-4949-B9AE-B3F59693C7AD}.Debug|Any CPU.ActiveCfg = Debug|Any CPU
		{F3EB03B0-4826-4949-B9AE-B3F59693C7AD}.Debug|Any CPU.Build.0 = Debug|Any CPU
		{F3EB03B0-4826-4949-B9AE-B3F59693C7AD}.Release|Any CPU.ActiveCfg = Release|Any CPU
		{F3EB03B0-4826-4949-B9AE-B3F59693C7AD}.Release|Any CPU.Build.0 = Release|Any CPU
		{DC9AFB78-C354-4172-B030-05FC4E01EF4B}.Debug|Any CPU.ActiveCfg = Debug|Any CPU
		{DC9AFB78-C354-4172-B030-05FC4E01EF4B}.Debug|Any CPU.Build.0 = Debug|Any CPU
		{DC9AFB78-C354-4172-B030-05FC4E01EF4B}.Release|Any CPU.ActiveCfg = Release|Any CPU
		{DC9AFB78-C354-4172-B030-05FC4E01EF4B}.Release|Any CPU.Build.0 = Release|Any CPU
	EndGlobalSection
	GlobalSection(SolutionProperties) = preSolution
		HideSolutionNode = FALSE
	EndGlobalSection
	GlobalSection(ExtensibilityGlobals) = postSolution
		SolutionGuid = {02D9BA6D-B655-4ED4-BC09-9B6EAA357463}
	EndGlobalSection
EndGlobal
